
Microsoft Visual Studio Solution File, Format Version 12.00
# Visual Studio Version 16
VisualStudioVersion = 16.0.30011.22
MinimumVisualStudioVersion = 10.0.40219.1
Project("{888888A0-9F3D-457C-B088-3A5042F75D52}") = "Mini_IT_Project", "Mini_IT_Project\Mini_IT_Project.pyproj", "{F1F77745-C978-4801-A945-A01EFC73AA4D}"
EndProject
Global
	GlobalSection(SolutionConfigurationPlatforms) = preSolution
		Debug|Any CPU = Debug|Any CPU
		Release|Any CPU = Release|Any CPU
	EndGlobalSection
	GlobalSection(ProjectConfigurationPlatforms) = postSolution
		{F1F77745-C978-4801-A945-A01EFC73AA4D}.Debug|Any CPU.ActiveCfg = Debug|Any CPU
		{F1F77745-C978-4801-A945-A01EFC73AA4D}.Release|Any CPU.ActiveCfg = Release|Any CPU
	EndGlobalSection
	GlobalSection(SolutionProperties) = preSolution
		HideSolutionNode = FALSE
	EndGlobalSection
	GlobalSection(ExtensibilityGlobals) = postSolution
		SolutionGuid = {34CB2155-9D60-460B-BBC5-76C532F2EFFB}
	EndGlobalSection
EndGlobal
